
Microsoft Visual Studio Solution File, Format Version 12.00
# Visual Studio Version 17
VisualStudioVersion = 17.2.32526.322
MinimumVisualStudioVersion = 10.0.40219.1
Project("{8BC9CEB8-8B4A-11D0-8D11-00A0C91BC942}") = "squarethreadcpp", "squarethreadcpp\squarethreadcpp.vcxproj", "{07E1BB8E-5D88-47C2-B5DD-5D22F17ADF4C}"
EndProject
Global
	GlobalSection(SolutionConfigurationPlatforms) = preSolution
		Debug|x64 = Debug|x64
		Release|x64 = Release|x64
	EndGlobalSection
	GlobalSection(ProjectConfigurationPlatforms) = postSolution
		{07E1BB8E-5D88-47C2-B5DD-5D22F17ADF4C}.Debug|x64.ActiveCfg = Debug|x64
		{07E1BB8E-5D88-47C2-B5DD-5D22F17ADF4C}.Debug|x64.Build.0 = Debug|x64
		{07E1BB8E-5D88-47C2-B5DD-5D22F17ADF4C}.Release|x64.ActiveCfg = Release|x64
		{07E1BB8E-5D88-47C2-B5DD-5D22F17ADF4C}.Release|x64.Build.0 = Release|x64
	EndGlobalSection
	GlobalSection(SolutionProperties) = preSolution
		HideSolutionNode = FALSE
	EndGlobalSection
	GlobalSection(ExtensibilityGlobals) = postSolution
		SolutionGuid = {09A2CF62-5F88-4808-B3D2-D376AB7C8D08}
	EndGlobalSection
EndGlobal
